
Microsoft Visual Studio Solution File, Format Version 12.00
# Visual Studio Version 16
VisualStudioVersion = 16.0.31727.386
MinimumVisualStudioVersion = 10.0.40219.1
Project("{FAE04EC0-301F-11D3-BF4B-00C04F79EFBC}") = "H.W.19", "H.W.19\H.W.19.csproj", "{2DD27088-B86A-4AD7-ADC8-5A6CA95DBC45}"
EndProject
Global
	GlobalSection(SolutionConfigurationPlatforms) = preSolution
		Debug|Any CPU = Debug|Any CPU
		Release|Any CPU = Release|Any CPU
	EndGlobalSection
	GlobalSection(ProjectConfigurationPlatforms) = postSolution
		{2DD27088-B86A-4AD7-ADC8-5A6CA95DBC45}.Debug|Any CPU.ActiveCfg = Debug|Any CPU
		{2DD27088-B86A-4AD7-ADC8-5A6CA95DBC45}.Debug|Any CPU.Build.0 = Debug|Any CPU
		{2DD27088-B86A-4AD7-ADC8-5A6CA95DBC45}.Release|Any CPU.ActiveCfg = Release|Any CPU
		{2DD27088-B86A-4AD7-ADC8-5A6CA95DBC45}.Release|Any CPU.Build.0 = Release|Any CPU
	EndGlobalSection
	GlobalSection(SolutionProperties) = preSolution
		HideSolutionNode = FALSE
	EndGlobalSection
	GlobalSection(ExtensibilityGlobals) = postSolution
		SolutionGuid = {B2A45B3A-4364-4A48-84F3-10FA9411E52A}
	EndGlobalSection
EndGlobal
